
Microsoft Visual Studio Solution File, Format Version 12.00
# Visual Studio Version 17
VisualStudioVersion = 17.6.33815.320
MinimumVisualStudioVersion = 10.0.40219.1
Project("{2150E333-8FDC-42A3-9474-1A3956D46DE8}") = "Engine", "Engine", "{DB893A89-59E4-4EFD-952B-3D105182854C}"
EndProject
Project("{2150E333-8FDC-42A3-9474-1A3956D46DE8}") = "Game", "Game", "{B8E481CD-5D5B-49F8-993F-1DC50CAF1157}"
EndProject
Project("{8BC9CEB8-8B4A-11D0-8D11-00A0C91BC942}") = "Game", "Source\Game\Game\Game.vcxproj", "{58E5A9A9-DD1C-496C-8B7C-BC7113233497}"
EndProject
Project("{8BC9CEB8-8B4A-11D0-8D11-00A0C91BC942}") = "Core", "Source\Engine\Core\Core.vcxproj", "{894A3D0A-0116-428E-9B0F-E648E5B6D89D}"
EndProject
Project("{8BC9CEB8-8B4A-11D0-8D11-00A0C91BC942}") = "Renderer", "Source\Engine\Renderer\Renderer.vcxproj", "{4B2D42FA-3F93-4A4C-BBF6-ED99244EEA53}"
EndProject
Project("{8BC9CEB8-8B4A-11D0-8D11-00A0C91BC942}") = "Input", "Source\Engine\Input\Input.vcxproj", "{A6927124-939C-4A1C-B9EA-60F62244D01D}"
EndProject
Project("{8BC9CEB8-8B4A-11D0-8D11-00A0C91BC942}") = "Audio", "Source\Engine\Audio\Audio.vcxproj", "{E3E36CAC-37B9-499C-AA1D-E13AD9FEC7A9}"
EndProject
Project("{8BC9CEB8-8B4A-11D0-8D11-00A0C91BC942}") = "Framework", "Source\Engine\Framework\Framework.vcxproj", "{EA4AFF68-7012-4503-BE4E-092B473E444F}"
EndProject
Global
	GlobalSection(SolutionConfigurationPlatforms) = preSolution
		Debug|x64 = Debug|x64
		Debug|x86 = Debug|x86
		Release|x64 = Release|x64
		Release|x86 = Release|x86
	EndGlobalSection
	GlobalSection(ProjectConfigurationPlatforms) = postSolution
		{58E5A9A9-DD1C-496C-8B7C-BC7113233497}.Debug|x64.ActiveCfg = Debug|x64
		{58E5A9A9-DD1C-496C-8B7C-BC7113233497}.Debug|x64.Build.0 = Debug|x64
		{58E5A9A9-DD1C-496C-8B7C-BC7113233497}.Debug|x86.ActiveCfg = Debug|Win32
		{58E5A9A9-DD1C-496C-8B7C-BC7113233497}.Debug|x86.Build.0 = Debug|Win32
		{58E5A9A9-DD1C-496C-8B7C-BC7113233497}.Release|x64.ActiveCfg = Release|x64
		{58E5A9A9-DD1C-496C-8B7C-BC7113233497}.Release|x64.Build.0 = Release|x64
		{58E5A9A9-DD1C-496C-8B7C-BC7113233497}.Release|x86.ActiveCfg = Release|Win32
		{58E5A9A9-DD1C-496C-8B7C-BC7113233497}.Release|x86.Build.0 = Release|Win32
		{894A3D0A-0116-428E-9B0F-E648E5B6D89D}.Debug|x64.ActiveCfg = Debug|x64
		{894A3D0A-0116-428E-9B0F-E648E5B6D89D}.Debug|x64.Build.0 = Debug|x64
		{894A3D0A-0116-428E-9B0F-E648E5B6D89D}.Debug|x86.ActiveCfg = Debug|Win32
		{894A3D0A-0116-428E-9B0F-E648E5B6D89D}.Debug|x86.Build.0 = Debug|Win32
		{894A3D0A-0116-428E-9B0F-E648E5B6D89D}.Release|x64.ActiveCfg = Release|x64
		{894A3D0A-0116-428E-9B0F-E648E5B6D89D}.Release|x64.Build.0 = Release|x64
		{894A3D0A-0116-428E-9B0F-E648E5B6D89D}.Release|x86.ActiveCfg = Release|Win32
		{894A3D0A-0116-428E-9B0F-E648E5B6D89D}.Release|x86.Build.0 = Release|Win32
		{4B2D42FA-3F93-4A4C-BBF6-ED99244EEA53}.Debug|x64.ActiveCfg = Debug|x64
		{4B2D42FA-3F93-4A4C-BBF6-ED99244EEA53}.Debug|x64.Build.0 = Debug|x64
		{4B2D42FA-3F93-4A4C-BBF6-ED99244EEA53}.Debug|x86.ActiveCfg = Debug|Win32
		{4B2D42FA-3F93-4A4C-BBF6-ED99244EEA53}.Debug|x86.Build.0 = Debug|Win32
		{4B2D42FA-3F93-4A4C-BBF6-ED99244EEA53}.Release|x64.ActiveCfg = Release|x64
		{4B2D42FA-3F93-4A4C-BBF6-ED99244EEA53}.Release|x64.Build.0 = Release|x64
		{4B2D42FA-3F93-4A4C-BBF6-ED99244EEA53}.Release|x86.ActiveCfg = Release|Win32
		{4B2D42FA-3F93-4A4C-BBF6-ED99244EEA53}.Release|x86.Build.0 = Release|Win32
		{A6927124-939C-4A1C-B9EA-60F62244D01D}.Debug|x64.ActiveCfg = Debug|x64
		{A6927124-939C-4A1C-B9EA-60F62244D01D}.Debug|x64.Build.0 = Debug|x64
		{A6927124-939C-4A1C-B9EA-60F62244D01D}.Debug|x86.ActiveCfg = Debug|Win32
		{A6927124-939C-4A1C-B9EA-60F62244D01D}.Debug|x86.Build.0 = Debug|Win32
		{A6927124-939C-4A1C-B9EA-60F62244D01D}.Release|x64.ActiveCfg = Release|x64
		{A6927124-939C-4A1C-B9EA-60F62244D01D}.Release|x64.Build.0 = Release|x64
		{A6927124-939C-4A1C-B9EA-60F62244D01D}.Release|x86.ActiveCfg = Release|Win32
		{A6927124-939C-4A1C-B9EA-60F62244D01D}.Release|x86.Build.0 = Release|Win32
		{E3E36CAC-37B9-499C-AA1D-E13AD9FEC7A9}.Debug|x64.ActiveCfg = Debug|x64
		{E3E36CAC-37B9-499C-AA1D-E13AD9FEC7A9}.Debug|x64.Build.0 = Debug|x64
		{E3E36CAC-37B9-499C-AA1D-E13AD9FEC7A9}.Debug|x86.ActiveCfg = Debug|Win32
		{E3E36CAC-37B9-499C-AA1D-E13AD9FEC7A9}.Debug|x86.Build.0 = Debug|Win32
		{E3E36CAC-37B9-499C-AA1D-E13AD9FEC7A9}.Release|x64.ActiveCfg = Release|x64
		{E3E36CAC-37B9-499C-AA1D-E13AD9FEC7A9}.Release|x64.Build.0 = Release|x64
		{E3E36CAC-37B9-499C-AA1D-E13AD9FEC7A9}.Release|x86.ActiveCfg = Release|Win32
		{E3E36CAC-37B9-499C-AA1D-E13AD9FEC7A9}.Release|x86.Build.0 = Release|Win32
		{EA4AFF68-7012-4503-BE4E-092B473E444F}.Debug|x64.ActiveCfg = Debug|x64
		{EA4AFF68-7012-4503-BE4E-092B473E444F}.Debug|x64.Build.0 = Debug|x64
		{EA4AFF68-7012-4503-BE4E-092B473E444F}.Debug|x86.ActiveCfg = Debug|Win32
		{EA4AFF68-7012-4503-BE4E-092B473E444F}.Debug|x86.Build.0 = Debug|Win32
		{EA4AFF68-7012-4503-BE4E-092B473E444F}.Release|x64.ActiveCfg = Release|x64
		{EA4AFF68-7012-4503-BE4E-092B473E444F}.Release|x64.Build.0 = Release|x64
		{EA4AFF68-7012-4503-BE4E-092B473E444F}.Release|x86.ActiveCfg = Release|Win32
		{EA4AFF68-7012-4503-BE4E-092B473E444F}.Release|x86.Build.0 = Release|Win32
	EndGlobalSection
	GlobalSection(SolutionProperties) = preSolution
		HideSolutionNode = FALSE
	EndGlobalSection
	GlobalSection(NestedProjects) = preSolution
		{58E5A9A9-DD1C-496C-8B7C-BC7113233497} = {B8E481CD-5D5B-49F8-993F-1DC50CAF1157}
		{894A3D0A-0116-428E-9B0F-E648E5B6D89D} = {DB893A89-59E4-4EFD-952B-3D105182854C}
		{4B2D42FA-3F93-4A4C-BBF6-ED99244EEA53} = {DB893A89-59E4-4EFD-952B-3D105182854C}
		{A6927124-939C-4A1C-B9EA-60F62244D01D} = {DB893A89-59E4-4EFD-952B-3D105182854C}
		{E3E36CAC-37B9-499C-AA1D-E13AD9FEC7A9} = {DB893A89-59E4-4EFD-952B-3D105182854C}
		{EA4AFF68-7012-4503-BE4E-092B473E444F} = {DB893A89-59E4-4EFD-952B-3D105182854C}
	EndGlobalSection
	GlobalSection(ExtensibilityGlobals) = postSolution
		SolutionGuid = {AA5149E5-9D52-40A0-BF22-F844E4702A22}
	EndGlobalSection
EndGlobal
